
Microsoft Visual Studio Solution File, Format Version 12.00
# Visual Studio Version 16
VisualStudioVersion = 16.0.30225.117
MinimumVisualStudioVersion = 10.0.40219.1
Project("{FAE04EC0-301F-11D3-BF4B-00C04F79EFBC}") = "SegundoParcial_JoseLuis", "SegundoParcial_JoseLuis.csproj", "{8F30872C-0F6E-4A88-80BC-6F4F50AAA5CE}"
EndProject
Global
	GlobalSection(SolutionConfigurationPlatforms) = preSolution
		Debug|Any CPU = Debug|Any CPU
		Release|Any CPU = Release|Any CPU
	EndGlobalSection
	GlobalSection(ProjectConfigurationPlatforms) = postSolution
		{8F30872C-0F6E-4A88-80BC-6F4F50AAA5CE}.Debug|Any CPU.ActiveCfg = Debug|Any CPU
		{8F30872C-0F6E-4A88-80BC-6F4F50AAA5CE}.Debug|Any CPU.Build.0 = Debug|Any CPU
		{8F30872C-0F6E-4A88-80BC-6F4F50AAA5CE}.Release|Any CPU.ActiveCfg = Release|Any CPU
		{8F30872C-0F6E-4A88-80BC-6F4F50AAA5CE}.Release|Any CPU.Build.0 = Release|Any CPU
	EndGlobalSection
	GlobalSection(SolutionProperties) = preSolution
		HideSolutionNode = FALSE
	EndGlobalSection
	GlobalSection(ExtensibilityGlobals) = postSolution
		SolutionGuid = {A79C7A74-1133-4AD1-8F6B-8F47A2BC3D1A}
	EndGlobalSection
EndGlobal
